
Microsoft Visual Studio Solution File, Format Version 12.00
# Visual Studio Version 17
VisualStudioVersion = 17.7.34202.233
MinimumVisualStudioVersion = 10.0.40219.1
Project("{FAE04EC0-301F-11D3-BF4B-00C04F79EFBC}") = "vücut kitle indeksi", "vücut kitle indeksi\vücut kitle indeksi.csproj", "{5F4BAE03-4C67-4071-A69D-E9B4EBD5D46B}"
EndProject
Global
	GlobalSection(SolutionConfigurationPlatforms) = preSolution
		Debug|Any CPU = Debug|Any CPU
		Release|Any CPU = Release|Any CPU
	EndGlobalSection
	GlobalSection(ProjectConfigurationPlatforms) = postSolution
		{5F4BAE03-4C67-4071-A69D-E9B4EBD5D46B}.Debug|Any CPU.ActiveCfg = Debug|Any CPU
		{5F4BAE03-4C67-4071-A69D-E9B4EBD5D46B}.Debug|Any CPU.Build.0 = Debug|Any CPU
		{5F4BAE03-4C67-4071-A69D-E9B4EBD5D46B}.Release|Any CPU.ActiveCfg = Release|Any CPU
		{5F4BAE03-4C67-4071-A69D-E9B4EBD5D46B}.Release|Any CPU.Build.0 = Release|Any CPU
	EndGlobalSection
	GlobalSection(SolutionProperties) = preSolution
		HideSolutionNode = FALSE
	EndGlobalSection
	GlobalSection(ExtensibilityGlobals) = postSolution
		SolutionGuid = {FEDC8E73-198A-48E1-9304-05C0830E17D0}
	EndGlobalSection
EndGlobal
